// !$*UTF8*$!
{
	archiveVersion = 1;
	classes = {
	};
	objectVersion = 51;
	objects = {

/* Begin PBXBuildFile section */
		4472250887370F6B49B2EA83 /* Pods_SampleAppTests.framework in Frameworks */ = {isa = PBXBuildFile; fileRef = 298D7908099933A98A544D52 /* Pods_SampleAppTests.framework */; };
		83E28392387AF3741D02CA05 /* Pods_SampleApp.framework in Frameworks */ = {isa = PBXBuildFile; fileRef = 7C3C8C941D8D43364FEA9D01 /* Pods_SampleApp.framework */; };
		C6CCFD63168BF722930BBE9C /* Pods_SampleApp_SampleAppUITests.framework in Frameworks */ = {isa = PBXBuildFile; fileRef = 7B81E820D70947873C158EC5 /* Pods_SampleApp_SampleAppUITests.framework */; };
		D302931D23C5A6950016489F /* BillPaymentViewController.swift in Sources */ = {isa = PBXBuildFile; fileRef = D302931C23C5A6950016489F /* BillPaymentViewController.swift */; };
		D3346D0523BF160700865C2F /* LoginViewController.swift in Sources */ = {isa = PBXBuildFile; fileRef = D3346D0423BF160600865C2F /* LoginViewController.swift */; };
		D3346D0723BF162A00865C2F /* DashboardViewController.swift in Sources */ = {isa = PBXBuildFile; fileRef = D3346D0623BF162A00865C2F /* DashboardViewController.swift */; };
		D3346D0923BF18F800865C2F /* UINavigationController+Extension.swift in Sources */ = {isa = PBXBuildFile; fileRef = D3346D0823BF18F800865C2F /* UINavigationController+Extension.swift */; };
		D375BFD223C39FD9002EF07B /* TableViewCell.swift in Sources */ = {isa = PBXBuildFile; fileRef = D375BFD123C39FD9002EF07B /* TableViewCell.swift */; };
		D37A7EEE23C486C600CC7B0E /* TabViewController.swift in Sources */ = {isa = PBXBuildFile; fileRef = D37A7EED23C486C600CC7B0E /* TabViewController.swift */; };
		D37A7EF123C486F200CC7B0E /* ComingSoonViewController.swift in Sources */ = {isa = PBXBuildFile; fileRef = D37A7EF023C486F200CC7B0E /* ComingSoonViewController.swift */; };
		D37A7EF323C48DAC00CC7B0E /* goToHome.png in Resources */ = {isa = PBXBuildFile; fileRef = D37A7EF223C48DAC00CC7B0E /* goToHome.png */; };
		D37A7EF623C4AA8F00CC7B0E /* PayToMerchantViewController.swift in Sources */ = {isa = PBXBuildFile; fileRef = D37A7EF523C4AA8F00CC7B0E /* PayToMerchantViewController.swift */; };
		D37A7EF823C4B59400CC7B0E /* QR-code.png in Resources */ = {isa = PBXBuildFile; fileRef = D37A7EF723C4B59300CC7B0E /* QR-code.png */; };
		D3B3CE2A23BEFA0300D7D6C6 /* AppDelegate.swift in Sources */ = {isa = PBXBuildFile; fileRef = D3B3CE2923BEFA0300D7D6C6 /* AppDelegate.swift */; };
		D3B3CE2C23BEFA0300D7D6C6 /* SceneDelegate.swift in Sources */ = {isa = PBXBuildFile; fileRef = D3B3CE2B23BEFA0300D7D6C6 /* SceneDelegate.swift */; };
		D3B3CE3123BEFA0300D7D6C6 /* Main.storyboard in Resources */ = {isa = PBXBuildFile; fileRef = D3B3CE2F23BEFA0300D7D6C6 /* Main.storyboard */; };
		D3B3CE3323BEFA0900D7D6C6 /* Assets.xcassets in Resources */ = {isa = PBXBuildFile; fileRef = D3B3CE3223BEFA0900D7D6C6 /* Assets.xcassets */; };
		D3B3CE3623BEFA0900D7D6C6 /* LaunchScreen.storyboard in Resources */ = {isa = PBXBuildFile; fileRef = D3B3CE3423BEFA0900D7D6C6 /* LaunchScreen.storyboard */; };
		D3B3CE4123BEFA0900D7D6C6 /* SampleAppTests.swift in Sources */ = {isa = PBXBuildFile; fileRef = D3B3CE4023BEFA0900D7D6C6 /* SampleAppTests.swift */; };
		D3B3CE4C23BEFA0A00D7D6C6 /* SampleAppUITests.swift in Sources */ = {isa = PBXBuildFile; fileRef = D3B3CE4B23BEFA0A00D7D6C6 /* SampleAppUITests.swift */; };
		D3DD49C423BF5DD0007A20D1 /* SlideMenuViewController.swift in Sources */ = {isa = PBXBuildFile; fileRef = D3DD49C323BF5DD0007A20D1 /* SlideMenuViewController.swift */; };
		D3E258B923BF04B60059658B /* Extension.swift in Sources */ = {isa = PBXBuildFile; fileRef = D3E258B823BF04B60059658B /* Extension.swift */; };
		D3E375A323C3432F0060CBAF /* flight.png in Resources */ = {isa = PBXBuildFile; fileRef = D3E3758B23C3432D0060CBAF /* flight.png */; };
		D3E375A423C3432F0060CBAF /* profileSetting.png in Resources */ = {isa = PBXBuildFile; fileRef = D3E3758C23C3432D0060CBAF /* profileSetting.png */; };
		D3E375A523C3432F0060CBAF /* movie.png in Resources */ = {isa = PBXBuildFile; fileRef = D3E3758D23C3432D0060CBAF /* movie.png */; };
		D3E375A623C3432F0060CBAF /* electricityBill.png in Resources */ = {isa = PBXBuildFile; fileRef = D3E3758E23C3432D0060CBAF /* electricityBill.png */; };
		D3E375A723C3432F0060CBAF /* addButton.png in Resources */ = {isa = PBXBuildFile; fileRef = D3E3758F23C3432D0060CBAF /* addButton.png */; };
		D3E375A823C3432F0060CBAF /* confirmation.png in Resources */ = {isa = PBXBuildFile; fileRef = D3E3759023C3432D0060CBAF /* confirmation.png */; };
		D3E375A923C3432F0060CBAF /* payMerchant.png in Resources */ = {isa = PBXBuildFile; fileRef = D3E3759123C3432D0060CBAF /* payMerchant.png */; };
		D3E375AA23C3432F0060CBAF /* addNewButton.png in Resources */ = {isa = PBXBuildFile; fileRef = D3E3759223C3432D0060CBAF /* addNewButton.png */; };
		D3E375AB23C3432F0060CBAF /* umbrella.png in Resources */ = {isa = PBXBuildFile; fileRef = D3E3759323C3432D0060CBAF /* umbrella.png */; };
		D3E375AC23C3432F0060CBAF /* mobileTopup.png in Resources */ = {isa = PBXBuildFile; fileRef = D3E3759423C3432D0060CBAF /* mobileTopup.png */; };
		D3E375AD23C3432F0060CBAF /* bus.png in Resources */ = {isa = PBXBuildFile; fileRef = D3E3759523C3432E0060CBAF /* bus.png */; };
		D3E375AE23C3432F0060CBAF /* dropDown.png in Resources */ = {isa = PBXBuildFile; fileRef = D3E3759623C3432E0060CBAF /* dropDown.png */; };
		D3E375AF23C3432F0060CBAF /* cab.png in Resources */ = {isa = PBXBuildFile; fileRef = D3E3759723C3432E0060CBAF /* cab.png */; };
		D3E375B023C3432F0060CBAF /* electricityBillTemplate.png in Resources */ = {isa = PBXBuildFile; fileRef = D3E3759823C3432E0060CBAF /* electricityBillTemplate.png */; };
		D3E375B123C3432F0060CBAF /* billPayButton.png in Resources */ = {isa = PBXBuildFile; fileRef = D3E3759923C3432E0060CBAF /* billPayButton.png */; };
		D3E375B223C3432F0060CBAF /* mobileBill.png in Resources */ = {isa = PBXBuildFile; fileRef = D3E3759A23C3432E0060CBAF /* mobileBill.png */; };
		D3E375B323C3432F0060CBAF /* train.png in Resources */ = {isa = PBXBuildFile; fileRef = D3E3759B23C3432E0060CBAF /* train.png */; };
		D3E375B423C3432F0060CBAF /* wallet.png in Resources */ = {isa = PBXBuildFile; fileRef = D3E3759C23C3432E0060CBAF /* wallet.png */; };
		D3E375B523C3432F0060CBAF /* hotel.png in Resources */ = {isa = PBXBuildFile; fileRef = D3E3759D23C3432E0060CBAF /* hotel.png */; };
		D3E375B623C3432F0060CBAF /* sendMoney.png in Resources */ = {isa = PBXBuildFile; fileRef = D3E3759E23C3432E0060CBAF /* sendMoney.png */; };
		D3E375B723C3432F0060CBAF /* burgerMenu.png in Resources */ = {isa = PBXBuildFile; fileRef = D3E3759F23C3432E0060CBAF /* burgerMenu.png */; };
		D3E375B823C3432F0060CBAF /* calendar.png in Resources */ = {isa = PBXBuildFile; fileRef = D3E375A023C3432E0060CBAF /* calendar.png */; };
		D3E375B923C3432F0060CBAF /* sports.png in Resources */ = {isa = PBXBuildFile; fileRef = D3E375A123C3432F0060CBAF /* sports.png */; };
		D3E375BA23C3432F0060CBAF /* mobileBillTemplate.png in Resources */ = {isa = PBXBuildFile; fileRef = D3E375A223C3432F0060CBAF /* mobileBillTemplate.png */; };
		D3E375C123C343410060CBAF /* Const.swift in Sources */ = {isa = PBXBuildFile; fileRef = D3E375C023C343410060CBAF /* Const.swift */; };
/* End PBXBuildFile section */

/* Begin PBXContainerItemProxy section */
		D3B3CE3D23BEFA0900D7D6C6 /* PBXContainerItemProxy */ = {
			isa = PBXContainerItemProxy;
			containerPortal = D3B3CE1E23BEFA0300D7D6C6 /* Project object */;
			proxyType = 1;
			remoteGlobalIDString = D3B3CE2523BEFA0300D7D6C6;
			remoteInfo = SampleApp;
		};
		D3B3CE4823BEFA0A00D7D6C6 /* PBXContainerItemProxy */ = {
			isa = PBXContainerItemProxy;
			containerPortal = D3B3CE1E23BEFA0300D7D6C6 /* Project object */;
			proxyType = 1;
			remoteGlobalIDString = D3B3CE2523BEFA0300D7D6C6;
			remoteInfo = SampleApp;
		};
/* End PBXContainerItemProxy section */

/* Begin PBXFileReference section */
		1535CBD739D24DE2A95D905E /* Pods-SampleApp-SampleAppUITests.debug.xcconfig */ = {isa = PBXFileReference; includeInIndex = 1; lastKnownFileType = text.xcconfig; name = "Pods-SampleApp-SampleAppUITests.debug.xcconfig"; path = "Target Support Files/Pods-SampleApp-SampleAppUITests/Pods-SampleApp-SampleAppUITests.debug.xcconfig"; sourceTree = "<group>"; };
		298D7908099933A98A544D52 /* Pods_SampleAppTests.framework */ = {isa = PBXFileReference; explicitFileType = wrapper.framework; includeInIndex = 0; path = Pods_SampleAppTests.framework; sourceTree = BUILT_PRODUCTS_DIR; };
		30EC607C401D72F376155E85 /* Pods-SampleApp.debug.xcconfig */ = {isa = PBXFileReference; includeInIndex = 1; lastKnownFileType = text.xcconfig; name = "Pods-SampleApp.debug.xcconfig"; path = "Target Support Files/Pods-SampleApp/Pods-SampleApp.debug.xcconfig"; sourceTree = "<group>"; };
		44C6E724262B45B26F02D8E0 /* Pods-SampleAppTests.debug.xcconfig */ = {isa = PBXFileReference; includeInIndex = 1; lastKnownFileType = text.xcconfig; name = "Pods-SampleAppTests.debug.xcconfig"; path = "Target Support Files/Pods-SampleAppTests/Pods-SampleAppTests.debug.xcconfig"; sourceTree = "<group>"; };
		7132D50175023D6E55AA9B1E /* Pods-SampleApp-SampleAppUITests.release.xcconfig */ = {isa = PBXFileReference; includeInIndex = 1; lastKnownFileType = text.xcconfig; name = "Pods-SampleApp-SampleAppUITests.release.xcconfig"; path = "Target Support Files/Pods-SampleApp-SampleAppUITests/Pods-SampleApp-SampleAppUITests.release.xcconfig"; sourceTree = "<group>"; };
		72C0E8CE332BEE4E671A1231 /* Pods-SampleApp.release.xcconfig */ = {isa = PBXFileReference; includeInIndex = 1; lastKnownFileType = text.xcconfig; name = "Pods-SampleApp.release.xcconfig"; path = "Target Support Files/Pods-SampleApp/Pods-SampleApp.release.xcconfig"; sourceTree = "<group>"; };
		7B81E820D70947873C158EC5 /* Pods_SampleApp_SampleAppUITests.framework */ = {isa = PBXFileReference; explicitFileType = wrapper.framework; includeInIndex = 0; path = Pods_SampleApp_SampleAppUITests.framework; sourceTree = BUILT_PRODUCTS_DIR; };
		7C3C8C941D8D43364FEA9D01 /* Pods_SampleApp.framework */ = {isa = PBXFileReference; explicitFileType = wrapper.framework; includeInIndex = 0; path = Pods_SampleApp.framework; sourceTree = BUILT_PRODUCTS_DIR; };
		D302931C23C5A6950016489F /* BillPaymentViewController.swift */ = {isa = PBXFileReference; lastKnownFileType = sourcecode.swift; path = BillPaymentViewController.swift; sourceTree = "<group>"; };
		D3346D0423BF160600865C2F /* LoginViewController.swift */ = {isa = PBXFileReference; fileEncoding = 4; lastKnownFileType = sourcecode.swift; path = LoginViewController.swift; sourceTree = "<group>"; };
		D3346D0623BF162A00865C2F /* DashboardViewController.swift */ = {isa = PBXFileReference; lastKnownFileType = sourcecode.swift; path = DashboardViewController.swift; sourceTree = "<group>"; };
		D3346D0823BF18F800865C2F /* UINavigationController+Extension.swift */ = {isa = PBXFileReference; lastKnownFileType = sourcecode.swift; path = "UINavigationController+Extension.swift"; sourceTree = "<group>"; };
		D375BFD123C39FD9002EF07B /* TableViewCell.swift */ = {isa = PBXFileReference; fileEncoding = 4; lastKnownFileType = sourcecode.swift; path = TableViewCell.swift; sourceTree = "<group>"; };
		D37A7EED23C486C600CC7B0E /* TabViewController.swift */ = {isa = PBXFileReference; fileEncoding = 4; lastKnownFileType = sourcecode.swift; path = TabViewController.swift; sourceTree = "<group>"; };
		D37A7EF023C486F200CC7B0E /* ComingSoonViewController.swift */ = {isa = PBXFileReference; lastKnownFileType = sourcecode.swift; path = ComingSoonViewController.swift; sourceTree = "<group>"; };
		D37A7EF223C48DAC00CC7B0E /* goToHome.png */ = {isa = PBXFileReference; lastKnownFileType = image.png; path = goToHome.png; sourceTree = "<group>"; };
		D37A7EF523C4AA8F00CC7B0E /* PayToMerchantViewController.swift */ = {isa = PBXFileReference; lastKnownFileType = sourcecode.swift; path = PayToMerchantViewController.swift; sourceTree = "<group>"; };
		D37A7EF723C4B59300CC7B0E /* QR-code.png */ = {isa = PBXFileReference; lastKnownFileType = image.png; path = "QR-code.png"; sourceTree = "<group>"; };
		D3B3CE2623BEFA0300D7D6C6 /* SampleApp.app */ = {isa = PBXFileReference; explicitFileType = wrapper.application; includeInIndex = 0; path = SampleApp.app; sourceTree = BUILT_PRODUCTS_DIR; };
		D3B3CE2923BEFA0300D7D6C6 /* AppDelegate.swift */ = {isa = PBXFileReference; lastKnownFileType = sourcecode.swift; path = AppDelegate.swift; sourceTree = "<group>"; };
		D3B3CE2B23BEFA0300D7D6C6 /* SceneDelegate.swift */ = {isa = PBXFileReference; lastKnownFileType = sourcecode.swift; path = SceneDelegate.swift; sourceTree = "<group>"; };
		D3B3CE3023BEFA0300D7D6C6 /* Base */ = {isa = PBXFileReference; lastKnownFileType = file.storyboard; name = Base; path = Base.lproj/Main.storyboard; sourceTree = "<group>"; };
		D3B3CE3223BEFA0900D7D6C6 /* Assets.xcassets */ = {isa = PBXFileReference; lastKnownFileType = folder.assetcatalog; path = Assets.xcassets; sourceTree = "<group>"; };
		D3B3CE3523BEFA0900D7D6C6 /* Base */ = {isa = PBXFileReference; lastKnownFileType = file.storyboard; name = Base; path = Base.lproj/LaunchScreen.storyboard; sourceTree = "<group>"; };
		D3B3CE3723BEFA0900D7D6C6 /* Info.plist */ = {isa = PBXFileReference; lastKnownFileType = text.plist.xml; path = Info.plist; sourceTree = "<group>"; };
		D3B3CE3C23BEFA0900D7D6C6 /* SampleAppTests.xctest */ = {isa = PBXFileReference; explicitFileType = wrapper.cfbundle; includeInIndex = 0; path = SampleAppTests.xctest; sourceTree = BUILT_PRODUCTS_DIR; };
		D3B3CE4023BEFA0900D7D6C6 /* SampleAppTests.swift */ = {isa = PBXFileReference; lastKnownFileType = sourcecode.swift; path = SampleAppTests.swift; sourceTree = "<group>"; };
		D3B3CE4223BEFA0900D7D6C6 /* Info.plist */ = {isa = PBXFileReference; lastKnownFileType = text.plist.xml; path = Info.plist; sourceTree = "<group>"; };
		D3B3CE4723BEFA0A00D7D6C6 /* SampleAppUITests.xctest */ = {isa = PBXFileReference; explicitFileType = wrapper.cfbundle; includeInIndex = 0; path = SampleAppUITests.xctest; sourceTree = BUILT_PRODUCTS_DIR; };
		D3B3CE4B23BEFA0A00D7D6C6 /* SampleAppUITests.swift */ = {isa = PBXFileReference; lastKnownFileType = sourcecode.swift; path = SampleAppUITests.swift; sourceTree = "<group>"; };
		D3B3CE4D23BEFA0A00D7D6C6 /* Info.plist */ = {isa = PBXFileReference; lastKnownFileType = text.plist.xml; path = Info.plist; sourceTree = "<group>"; };
		D3DD49C323BF5DD0007A20D1 /* SlideMenuViewController.swift */ = {isa = PBXFileReference; lastKnownFileType = sourcecode.swift; path = SlideMenuViewController.swift; sourceTree = "<group>"; };
		D3E258B823BF04B60059658B /* Extension.swift */ = {isa = PBXFileReference; lastKnownFileType = sourcecode.swift; path = Extension.swift; sourceTree = "<group>"; };
		D3E3758B23C3432D0060CBAF /* flight.png */ = {isa = PBXFileReference; lastKnownFileType = image.png; path = flight.png; sourceTree = "<group>"; };
		D3E3758C23C3432D0060CBAF /* profileSetting.png */ = {isa = PBXFileReference; lastKnownFileType = image.png; path = profileSetting.png; sourceTree = "<group>"; };
		D3E3758D23C3432D0060CBAF /* movie.png */ = {isa = PBXFileReference; lastKnownFileType = image.png; path = movie.png; sourceTree = "<group>"; };
		D3E3758E23C3432D0060CBAF /* electricityBill.png */ = {isa = PBXFileReference; lastKnownFileType = image.png; path = electricityBill.png; sourceTree = "<group>"; };
		D3E3758F23C3432D0060CBAF /* addButton.png */ = {isa = PBXFileReference; lastKnownFileType = image.png; path = addButton.png; sourceTree = "<group>"; };
		D3E3759023C3432D0060CBAF /* confirmation.png */ = {isa = PBXFileReference; lastKnownFileType = image.png; path = confirmation.png; sourceTree = "<group>"; };
		D3E3759123C3432D0060CBAF /* payMerchant.png */ = {isa = PBXFileReference; lastKnownFileType = image.png; path = payMerchant.png; sourceTree = "<group>"; };
		D3E3759223C3432D0060CBAF /* addNewButton.png */ = {isa = PBXFileReference; lastKnownFileType = image.png; path = addNewButton.png; sourceTree = "<group>"; };
		D3E3759323C3432D0060CBAF /* umbrella.png */ = {isa = PBXFileReference; lastKnownFileType = image.png; path = umbrella.png; sourceTree = "<group>"; };
		D3E3759423C3432D0060CBAF /* mobileTopup.png */ = {isa = PBXFileReference; lastKnownFileType = image.png; path = mobileTopup.png; sourceTree = "<group>"; };
		D3E3759523C3432E0060CBAF /* bus.png */ = {isa = PBXFileReference; lastKnownFileType = image.png; path = bus.png; sourceTree = "<group>"; };
		D3E3759623C3432E0060CBAF /* dropDown.png */ = {isa = PBXFileReference; lastKnownFileType = image.png; path = dropDown.png; sourceTree = "<group>"; };
		D3E3759723C3432E0060CBAF /* cab.png */ = {isa = PBXFileReference; lastKnownFileType = image.png; path = cab.png; sourceTree = "<group>"; };
		D3E3759823C3432E0060CBAF /* electricityBillTemplate.png */ = {isa = PBXFileReference; lastKnownFileType = image.png; path = electricityBillTemplate.png; sourceTree = "<group>"; };
		D3E3759923C3432E0060CBAF /* billPayButton.png */ = {isa = PBXFileReference; lastKnownFileType = image.png; path = billPayButton.png; sourceTree = "<group>"; };
		D3E3759A23C3432E0060CBAF /* mobileBill.png */ = {isa = PBXFileReference; lastKnownFileType = image.png; path = mobileBill.png; sourceTree = "<group>"; };
		D3E3759B23C3432E0060CBAF /* train.png */ = {isa = PBXFileReference; lastKnownFileType = image.png; path = train.png; sourceTree = "<group>"; };
		D3E3759C23C3432E0060CBAF /* wallet.png */ = {isa = PBXFileReference; lastKnownFileType = image.png; path = wallet.png; sourceTree = "<group>"; };
		D3E3759D23C3432E0060CBAF /* hotel.png */ = {isa = PBXFileReference; lastKnownFileType = image.png; path = hotel.png; sourceTree = "<group>"; };
		D3E3759E23C3432E0060CBAF /* sendMoney.png */ = {isa = PBXFileReference; lastKnownFileType = image.png; path = sendMoney.png; sourceTree = "<group>"; };
		D3E3759F23C3432E0060CBAF /* burgerMenu.png */ = {isa = PBXFileReference; lastKnownFileType = image.png; path = burgerMenu.png; sourceTree = "<group>"; };
		D3E375A023C3432E0060CBAF /* calendar.png */ = {isa = PBXFileReference; lastKnownFileType = image.png; path = calendar.png; sourceTree = "<group>"; };
		D3E375A123C3432F0060CBAF /* sports.png */ = {isa = PBXFileReference; lastKnownFileType = image.png; path = sports.png; sourceTree = "<group>"; };
		D3E375A223C3432F0060CBAF /* mobileBillTemplate.png */ = {isa = PBXFileReference; lastKnownFileType = image.png; path = mobileBillTemplate.png; sourceTree = "<group>"; };
		D3E375C023C343410060CBAF /* Const.swift */ = {isa = PBXFileReference; fileEncoding = 4; lastKnownFileType = sourcecode.swift; path = Const.swift; sourceTree = "<group>"; };
		EDE1D2E783DA8975A32276D3 /* Pods-SampleAppTests.release.xcconfig */ = {isa = PBXFileReference; includeInIndex = 1; lastKnownFileType = text.xcconfig; name = "Pods-SampleAppTests.release.xcconfig"; path = "Target Support Files/Pods-SampleAppTests/Pods-SampleAppTests.release.xcconfig"; sourceTree = "<group>"; };
/* End PBXFileReference section */

/* Begin PBXFrameworksBuildPhase section */
		D3B3CE2323BEFA0300D7D6C6 /* Frameworks */ = {
			isa = PBXFrameworksBuildPhase;
			buildActionMask = 2147483647;
			files = (
				83E28392387AF3741D02CA05 /* Pods_SampleApp.framework in Frameworks */,
			);
			runOnlyForDeploymentPostprocessing = 0;
		};
		D3B3CE3923BEFA0900D7D6C6 /* Frameworks */ = {
			isa = PBXFrameworksBuildPhase;
			buildActionMask = 2147483647;
			files = (
				4472250887370F6B49B2EA83 /* Pods_SampleAppTests.framework in Frameworks */,
			);
			runOnlyForDeploymentPostprocessing = 0;
		};
		D3B3CE4423BEFA0A00D7D6C6 /* Frameworks */ = {
			isa = PBXFrameworksBuildPhase;
			buildActionMask = 2147483647;
			files = (
				C6CCFD63168BF722930BBE9C /* Pods_SampleApp_SampleAppUITests.framework in Frameworks */,
			);
			runOnlyForDeploymentPostprocessing = 0;
		};
/* End PBXFrameworksBuildPhase section */

/* Begin PBXGroup section */
		A42E70E106CEE80F24C0D62A /* Frameworks */ = {
			isa = PBXGroup;
			children = (
				7C3C8C941D8D43364FEA9D01 /* Pods_SampleApp.framework */,
				7B81E820D70947873C158EC5 /* Pods_SampleApp_SampleAppUITests.framework */,
				298D7908099933A98A544D52 /* Pods_SampleAppTests.framework */,
			);
			name = Frameworks;
			sourceTree = "<group>";
		};
		D302931923C5A1EE0016489F /* Bill Payment */ = {
			isa = PBXGroup;
			children = (
				D302931C23C5A6950016489F /* BillPaymentViewController.swift */,
			);
			path = "Bill Payment";
			sourceTree = "<group>";
		};
		D3346D0123BF160600865C2F /* Modules */ = {
			isa = PBXGroup;
			children = (
				D3DD49C223BF5CB2007A20D1 /* Slide Menu */,
				D3346D0323BF160600865C2F /* Login */,
				D3346D0223BF160600865C2F /* DashBoard */,
			);
			path = Modules;
			sourceTree = "<group>";
		};
		D3346D0223BF160600865C2F /* DashBoard */ = {
			isa = PBXGroup;
			children = (
				D375BFD123C39FD9002EF07B /* TableViewCell.swift */,
				D3346D0623BF162A00865C2F /* DashboardViewController.swift */,
				D37A7EF423C4AA7F00CC7B0E /* PayToMerchant */,
				D302931923C5A1EE0016489F /* Bill Payment */,
				D37A7EEF23C486DF00CC7B0E /* Coming Soon */,
				D37A7EEC23C486C600CC7B0E /* TabView */,
			);
			path = DashBoard;
			sourceTree = "<group>";
		};
		D3346D0323BF160600865C2F /* Login */ = {
			isa = PBXGroup;
			children = (
				D3346D0423BF160600865C2F /* LoginViewController.swift */,
			);
			path = Login;
			sourceTree = "<group>";
		};
		D35E3FCA23BF7050009A5BAE /* Resource */ = {
			isa = PBXGroup;
			children = (
				D35E3FCB23BF7050009A5BAE /* Images */,
			);
			path = Resource;
			sourceTree = "<group>";
		};
		D35E3FCB23BF7050009A5BAE /* Images */ = {
			isa = PBXGroup;
			children = (
				D37A7EF723C4B59300CC7B0E /* QR-code.png */,
				D35E3FCC23BF7050009A5BAE /* Icons */,
			);
			path = Images;
			sourceTree = "<group>";
		};
		D35E3FCC23BF7050009A5BAE /* Icons */ = {
			isa = PBXGroup;
			children = (
				D37A7EF223C48DAC00CC7B0E /* goToHome.png */,
				D3E3758F23C3432D0060CBAF /* addButton.png */,
				D3E3759223C3432D0060CBAF /* addNewButton.png */,
				D3E3759923C3432E0060CBAF /* billPayButton.png */,
				D3E3759F23C3432E0060CBAF /* burgerMenu.png */,
				D3E3759523C3432E0060CBAF /* bus.png */,
				D3E3759723C3432E0060CBAF /* cab.png */,
				D3E375A023C3432E0060CBAF /* calendar.png */,
				D3E3759023C3432D0060CBAF /* confirmation.png */,
				D3E3759623C3432E0060CBAF /* dropDown.png */,
				D3E3758E23C3432D0060CBAF /* electricityBill.png */,
				D3E3759823C3432E0060CBAF /* electricityBillTemplate.png */,
				D3E3758B23C3432D0060CBAF /* flight.png */,
				D3E3759D23C3432E0060CBAF /* hotel.png */,
				D3E3759A23C3432E0060CBAF /* mobileBill.png */,
				D3E375A223C3432F0060CBAF /* mobileBillTemplate.png */,
				D3E3759423C3432D0060CBAF /* mobileTopup.png */,
				D3E3758D23C3432D0060CBAF /* movie.png */,
				D3E3759123C3432D0060CBAF /* payMerchant.png */,
				D3E3758C23C3432D0060CBAF /* profileSetting.png */,
				D3E3759E23C3432E0060CBAF /* sendMoney.png */,
				D3E375A123C3432F0060CBAF /* sports.png */,
				D3E3759B23C3432E0060CBAF /* train.png */,
				D3E3759323C3432D0060CBAF /* umbrella.png */,
				D3E3759C23C3432E0060CBAF /* wallet.png */,
			);
			path = Icons;
			sourceTree = "<group>";
		};
		D37A7EEC23C486C600CC7B0E /* TabView */ = {
			isa = PBXGroup;
			children = (
				D37A7EED23C486C600CC7B0E /* TabViewController.swift */,
			);
			path = TabView;
			sourceTree = "<group>";
		};
		D37A7EEF23C486DF00CC7B0E /* Coming Soon */ = {
			isa = PBXGroup;
			children = (
				D37A7EF023C486F200CC7B0E /* ComingSoonViewController.swift */,
			);
			path = "Coming Soon";
			sourceTree = "<group>";
		};
		D37A7EF423C4AA7F00CC7B0E /* PayToMerchant */ = {
			isa = PBXGroup;
			children = (
				D37A7EF523C4AA8F00CC7B0E /* PayToMerchantViewController.swift */,
			);
			path = PayToMerchant;
			sourceTree = "<group>";
		};
		D3B3CE1D23BEFA0300D7D6C6 = {
			isa = PBXGroup;
			children = (
				D3B3CE2823BEFA0300D7D6C6 /* SampleApp */,
				D3B3CE3F23BEFA0900D7D6C6 /* SampleAppTests */,
				D3B3CE4A23BEFA0A00D7D6C6 /* SampleAppUITests */,
				D3B3CE2723BEFA0300D7D6C6 /* Products */,
				E7CE7DE102E0906904021965 /* Pods */,
				A42E70E106CEE80F24C0D62A /* Frameworks */,
			);
			sourceTree = "<group>";
		};
		D3B3CE2723BEFA0300D7D6C6 /* Products */ = {
			isa = PBXGroup;
			children = (
				D3B3CE2623BEFA0300D7D6C6 /* SampleApp.app */,
				D3B3CE3C23BEFA0900D7D6C6 /* SampleAppTests.xctest */,
				D3B3CE4723BEFA0A00D7D6C6 /* SampleAppUITests.xctest */,
			);
			name = Products;
			sourceTree = "<group>";
		};
		D3B3CE2823BEFA0300D7D6C6 /* SampleApp */ = {
			isa = PBXGroup;
			children = (
				D35E3FCA23BF7050009A5BAE /* Resource */,
				D3E258B623BF04AB0059658B /* Commom */,
				D3B3CE2923BEFA0300D7D6C6 /* AppDelegate.swift */,
				D3B3CE2B23BEFA0300D7D6C6 /* SceneDelegate.swift */,
				D3346D0123BF160600865C2F /* Modules */,
				D3B3CE2F23BEFA0300D7D6C6 /* Main.storyboard */,
				D3B3CE3223BEFA0900D7D6C6 /* Assets.xcassets */,
				D3B3CE3423BEFA0900D7D6C6 /* LaunchScreen.storyboard */,
				D3B3CE3723BEFA0900D7D6C6 /* Info.plist */,
			);
			path = SampleApp;
			sourceTree = "<group>";
		};
		D3B3CE3F23BEFA0900D7D6C6 /* SampleAppTests */ = {
			isa = PBXGroup;
			children = (
				D3B3CE4023BEFA0900D7D6C6 /* SampleAppTests.swift */,
				D3B3CE4223BEFA0900D7D6C6 /* Info.plist */,
			);
			path = SampleAppTests;
			sourceTree = "<group>";
		};
		D3B3CE4A23BEFA0A00D7D6C6 /* SampleAppUITests */ = {
			isa = PBXGroup;
			children = (
				D3B3CE4B23BEFA0A00D7D6C6 /* SampleAppUITests.swift */,
				D3B3CE4D23BEFA0A00D7D6C6 /* Info.plist */,
			);
			path = SampleAppUITests;
			sourceTree = "<group>";
		};
		D3DD49C223BF5CB2007A20D1 /* Slide Menu */ = {
			isa = PBXGroup;
			children = (
				D3DD49C323BF5DD0007A20D1 /* SlideMenuViewController.swift */,
			);
			path = "Slide Menu";
			sourceTree = "<group>";
		};
		D3E258B623BF04AB0059658B /* Commom */ = {
			isa = PBXGroup;
			children = (
				D3E375C023C343410060CBAF /* Const.swift */,
				D3E258B723BF04AB0059658B /* Extensions */,
			);
			path = Commom;
			sourceTree = "<group>";
		};
		D3E258B723BF04AB0059658B /* Extensions */ = {
			isa = PBXGroup;
			children = (
				D3E258B823BF04B60059658B /* Extension.swift */,
				D3346D0823BF18F800865C2F /* UINavigationController+Extension.swift */,
			);
			path = Extensions;
			sourceTree = "<group>";
		};
		E7CE7DE102E0906904021965 /* Pods */ = {
			isa = PBXGroup;
			children = (
				30EC607C401D72F376155E85 /* Pods-SampleApp.debug.xcconfig */,
				72C0E8CE332BEE4E671A1231 /* Pods-SampleApp.release.xcconfig */,
				1535CBD739D24DE2A95D905E /* Pods-SampleApp-SampleAppUITests.debug.xcconfig */,
				7132D50175023D6E55AA9B1E /* Pods-SampleApp-SampleAppUITests.release.xcconfig */,
				44C6E724262B45B26F02D8E0 /* Pods-SampleAppTests.debug.xcconfig */,
				EDE1D2E783DA8975A32276D3 /* Pods-SampleAppTests.release.xcconfig */,
			);
			path = Pods;
			sourceTree = "<group>";
		};
/* End PBXGroup section */

/* Begin PBXNativeTarget section */
		D3B3CE2523BEFA0300D7D6C6 /* SampleApp */ = {
			isa = PBXNativeTarget;
			buildConfigurationList = D3B3CE5023BEFA0A00D7D6C6 /* Build configuration list for PBXNativeTarget "SampleApp" */;
			buildPhases = (
				BA746870FC51D92DCE096136 /* [CP] Check Pods Manifest.lock */,
				D3B3CE2223BEFA0300D7D6C6 /* Sources */,
				D3B3CE2323BEFA0300D7D6C6 /* Frameworks */,
				D3B3CE2423BEFA0300D7D6C6 /* Resources */,
				CB2D7AAF747FB4AF352CC9B7 /* [CP] Embed Pods Frameworks */,
			);
			buildRules = (
			);
			dependencies = (
			);
			name = SampleApp;
			productName = SampleApp;
			productReference = D3B3CE2623BEFA0300D7D6C6 /* SampleApp.app */;
			productType = "com.apple.product-type.application";
		};
		D3B3CE3B23BEFA0900D7D6C6 /* SampleAppTests */ = {
			isa = PBXNativeTarget;
			buildConfigurationList = D3B3CE5323BEFA0A00D7D6C6 /* Build configuration list for PBXNativeTarget "SampleAppTests" */;
			buildPhases = (
				5E5D7C45019CA3682CDB968D /* [CP] Check Pods Manifest.lock */,
				D3B3CE3823BEFA0900D7D6C6 /* Sources */,
				D3B3CE3923BEFA0900D7D6C6 /* Frameworks */,
				D3B3CE3A23BEFA0900D7D6C6 /* Resources */,
			);
			buildRules = (
			);
			dependencies = (
				D3B3CE3E23BEFA0900D7D6C6 /* PBXTargetDependency */,
			);
			name = SampleAppTests;
			productName = SampleAppTests;
			productReference = D3B3CE3C23BEFA0900D7D6C6 /* SampleAppTests.xctest */;
			productType = "com.apple.product-type.bundle.unit-test";
		};
		D3B3CE4623BEFA0A00D7D6C6 /* SampleAppUITests */ = {
			isa = PBXNativeTarget;
			buildConfigurationList = D3B3CE5623BEFA0A00D7D6C6 /* Build configuration list for PBXNativeTarget "SampleAppUITests" */;
			buildPhases = (
				CA1BFC597DAD4871BCCB0D7E /* [CP] Check Pods Manifest.lock */,
				D3B3CE4323BEFA0A00D7D6C6 /* Sources */,
				D3B3CE4423BEFA0A00D7D6C6 /* Frameworks */,
				D3B3CE4523BEFA0A00D7D6C6 /* Resources */,
				16599CECDCAD82A2291EA362 /* [CP] Embed Pods Frameworks */,
			);
			buildRules = (
			);
			dependencies = (
				D3B3CE4923BEFA0A00D7D6C6 /* PBXTargetDependency */,
			);
			name = SampleAppUITests;
			productName = SampleAppUITests;
			productReference = D3B3CE4723BEFA0A00D7D6C6 /* SampleAppUITests.xctest */;
			productType = "com.apple.product-type.bundle.ui-testing";
		};
/* End PBXNativeTarget section */

/* Begin PBXProject section */
		D3B3CE1E23BEFA0300D7D6C6 /* Project object */ = {
			isa = PBXProject;
			attributes = {
				LastSwiftUpdateCheck = 1130;
				LastUpgradeCheck = 1130;
				ORGANIZATIONNAME = "Shekhar Gupta";
				TargetAttributes = {
					D3B3CE2523BEFA0300D7D6C6 = {
						CreatedOnToolsVersion = 11.3;
					};
					D3B3CE3B23BEFA0900D7D6C6 = {
						CreatedOnToolsVersion = 11.3;
						TestTargetID = D3B3CE2523BEFA0300D7D6C6;
					};
					D3B3CE4623BEFA0A00D7D6C6 = {
						CreatedOnToolsVersion = 11.3;
						TestTargetID = D3B3CE2523BEFA0300D7D6C6;
					};
				};
			};
			buildConfigurationList = D3B3CE2123BEFA0300D7D6C6 /* Build configuration list for PBXProject "SampleApp" */;
			compatibilityVersion = "Xcode 9.3";
			developmentRegion = en;
			hasScannedForEncodings = 0;
			knownRegions = (
				en,
				Base,
			);
			mainGroup = D3B3CE1D23BEFA0300D7D6C6;
			productRefGroup = D3B3CE2723BEFA0300D7D6C6 /* Products */;
			projectDirPath = "";
			projectRoot = "";
			targets = (
				D3B3CE2523BEFA0300D7D6C6 /* SampleApp */,
				D3B3CE3B23BEFA0900D7D6C6 /* SampleAppTests */,
				D3B3CE4623BEFA0A00D7D6C6 /* SampleAppUITests */,
			);
		};
/* End PBXProject section */

/* Begin PBXResourcesBuildPhase section */
		D3B3CE2423BEFA0300D7D6C6 /* Resources */ = {
			isa = PBXResourcesBuildPhase;
			buildActionMask = 2147483647;
			files = (
				D3E375B023C3432F0060CBAF /* electricityBillTemplate.png in Resources */,
				D3E375B423C3432F0060CBAF /* wallet.png in Resources */,
				D3E375B523C3432F0060CBAF /* hotel.png in Resources */,
				D3E375AF23C3432F0060CBAF /* cab.png in Resources */,
				D3E375AC23C3432F0060CBAF /* mobileTopup.png in Resources */,
				D37A7EF323C48DAC00CC7B0E /* goToHome.png in Resources */,
				D3E375A823C3432F0060CBAF /* confirmation.png in Resources */,
				D3B3CE3623BEFA0900D7D6C6 /* LaunchScreen.storyboard in Resources */,
				D3E375A623C3432F0060CBAF /* electricityBill.png in Resources */,
				D3E375B323C3432F0060CBAF /* train.png in Resources */,
				D3E375AE23C3432F0060CBAF /* dropDown.png in Resources */,
				D3E375AB23C3432F0060CBAF /* umbrella.png in Resources */,
				D3E375B223C3432F0060CBAF /* mobileBill.png in Resources */,
				D3B3CE3323BEFA0900D7D6C6 /* Assets.xcassets in Resources */,
				D3E375A523C3432F0060CBAF /* movie.png in Resources */,
				D3B3CE3123BEFA0300D7D6C6 /* Main.storyboard in Resources */,
				D3E375AD23C3432F0060CBAF /* bus.png in Resources */,
				D3E375A723C3432F0060CBAF /* addButton.png in Resources */,
				D3E375B823C3432F0060CBAF /* calendar.png in Resources */,
				D3E375A423C3432F0060CBAF /* profileSetting.png in Resources */,
				D3E375A923C3432F0060CBAF /* payMerchant.png in Resources */,
				D3E375B123C3432F0060CBAF /* billPayButton.png in Resources */,
				D3E375B623C3432F0060CBAF /* sendMoney.png in Resources */,
				D37A7EF823C4B59400CC7B0E /* QR-code.png in Resources */,
				D3E375B723C3432F0060CBAF /* burgerMenu.png in Resources */,
				D3E375BA23C3432F0060CBAF /* mobileBillTemplate.png in Resources */,
				D3E375AA23C3432F0060CBAF /* addNewButton.png in Resources */,
				D3E375B923C3432F0060CBAF /* sports.png in Resources */,
				D3E375A323C3432F0060CBAF /* flight.png in Resources */,
			);
			runOnlyForDeploymentPostprocessing = 0;
		};
		D3B3CE3A23BEFA0900D7D6C6 /* Resources */ = {
			isa = PBXResourcesBuildPhase;
			buildActionMask = 2147483647;
			files = (
			);
			runOnlyForDeploymentPostprocessing = 0;
		};
		D3B3CE4523BEFA0A00D7D6C6 /* Resources */ = {
			isa = PBXResourcesBuildPhase;
			buildActionMask = 2147483647;
			files = (
			);
			runOnlyForDeploymentPostprocessing = 0;
		};
/* End PBXResourcesBuildPhase section */

/* Begin PBXShellScriptBuildPhase section */
		16599CECDCAD82A2291EA362 /* [CP] Embed Pods Frameworks */ = {
			isa = PBXShellScriptBuildPhase;
			buildActionMask = 2147483647;
			files = (
			);
			inputFileListPaths = (
				"${PODS_ROOT}/Target Support Files/Pods-SampleApp-SampleAppUITests/Pods-SampleApp-SampleAppUITests-frameworks-${CONFIGURATION}-input-files.xcfilelist",
			);
			name = "[CP] Embed Pods Frameworks";
			outputFileListPaths = (
				"${PODS_ROOT}/Target Support Files/Pods-SampleApp-SampleAppUITests/Pods-SampleApp-SampleAppUITests-frameworks-${CONFIGURATION}-output-files.xcfilelist",
			);
			runOnlyForDeploymentPostprocessing = 0;
			shellPath = /bin/sh;
			shellScript = "\"${PODS_ROOT}/Target Support Files/Pods-SampleApp-SampleAppUITests/Pods-SampleApp-SampleAppUITests-frameworks.sh\"\n";
			showEnvVarsInLog = 0;
		};
		5E5D7C45019CA3682CDB968D /* [CP] Check Pods Manifest.lock */ = {
			isa = PBXShellScriptBuildPhase;
			buildActionMask = 2147483647;
			files = (
			);
			inputFileListPaths = (
			);
			inputPaths = (
				"${PODS_PODFILE_DIR_PATH}/Podfile.lock",
				"${PODS_ROOT}/Manifest.lock",
			);
			name = "[CP] Check Pods Manifest.lock";
			outputFileListPaths = (
			);
			outputPaths = (
				"$(DERIVED_FILE_DIR)/Pods-SampleAppTests-checkManifestLockResult.txt",
			);
			runOnlyForDeploymentPostprocessing = 0;
			shellPath = /bin/sh;
			shellScript = "diff \"${PODS_PODFILE_DIR_PATH}/Podfile.lock\" \"${PODS_ROOT}/Manifest.lock\" > /dev/null\nif [ $? != 0 ] ; then\n    # print error to STDERR\n    echo \"error: The sandbox is not in sync with the Podfile.lock. Run 'pod install' or update your CocoaPods installation.\" >&2\n    exit 1\nfi\n# This output is used by Xcode 'outputs' to avoid re-running this script phase.\necho \"SUCCESS\" > \"${SCRIPT_OUTPUT_FILE_0}\"\n";
			showEnvVarsInLog = 0;
		};
		BA746870FC51D92DCE096136 /* [CP] Check Pods Manifest.lock */ = {
			isa = PBXShellScriptBuildPhase;
			buildActionMask = 2147483647;
			files = (
			);
			inputFileListPaths = (
			);
			inputPaths = (
				"${PODS_PODFILE_DIR_PATH}/Podfile.lock",
				"${PODS_ROOT}/Manifest.lock",
			);
			name = "[CP] Check Pods Manifest.lock";
			outputFileListPaths = (
			);
			outputPaths = (
				"$(DERIVED_FILE_DIR)/Pods-SampleApp-checkManifestLockResult.txt",
			);
			runOnlyForDeploymentPostprocessing = 0;
			shellPath = /bin/sh;
			shellScript = "diff \"${PODS_PODFILE_DIR_PATH}/Podfile.lock\" \"${PODS_ROOT}/Manifest.lock\" > /dev/null\nif [ $? != 0 ] ; then\n    # print error to STDERR\n    echo \"error: The sandbox is not in sync with the Podfile.lock. Run 'pod install' or update your CocoaPods installation.\" >&2\n    exit 1\nfi\n# This output is used by Xcode 'outputs' to avoid re-running this script phase.\necho \"SUCCESS\" > \"${SCRIPT_OUTPUT_FILE_0}\"\n";
			showEnvVarsInLog = 0;
		};
		CA1BFC597DAD4871BCCB0D7E /* [CP] Check Pods Manifest.lock */ = {
			isa = PBXShellScriptBuildPhase;
			buildActionMask = 2147483647;
			files = (
			);
			inputFileListPaths = (
			);
			inputPaths = (
				"${PODS_PODFILE_DIR_PATH}/Podfile.lock",
				"${PODS_ROOT}/Manifest.lock",
			);
			name = "[CP] Check Pods Manifest.lock";
			outputFileListPaths = (
			);
			outputPaths = (
				"$(DERIVED_FILE_DIR)/Pods-SampleApp-SampleAppUITests-checkManifestLockResult.txt",
			);
			runOnlyForDeploymentPostprocessing = 0;
			shellPath = /bin/sh;
			shellScript = "diff \"${PODS_PODFILE_DIR_PATH}/Podfile.lock\" \"${PODS_ROOT}/Manifest.lock\" > /dev/null\nif [ $? != 0 ] ; then\n    # print error to STDERR\n    echo \"error: The sandbox is not in sync with the Podfile.lock. Run 'pod install' or update your CocoaPods installation.\" >&2\n    exit 1\nfi\n# This output is used by Xcode 'outputs' to avoid re-running this script phase.\necho \"SUCCESS\" > \"${SCRIPT_OUTPUT_FILE_0}\"\n";
			showEnvVarsInLog = 0;
		};
		CB2D7AAF747FB4AF352CC9B7 /* [CP] Embed Pods Frameworks */ = {
			isa = PBXShellScriptBuildPhase;
			buildActionMask = 2147483647;
			files = (
			);
			inputFileListPaths = (
				"${PODS_ROOT}/Target Support Files/Pods-SampleApp/Pods-SampleApp-frameworks-${CONFIGURATION}-input-files.xcfilelist",
			);
			name = "[CP] Embed Pods Frameworks";
			outputFileListPaths = (
				"${PODS_ROOT}/Target Support Files/Pods-SampleApp/Pods-SampleApp-frameworks-${CONFIGURATION}-output-files.xcfilelist",
			);
			runOnlyForDeploymentPostprocessing = 0;
			shellPath = /bin/sh;
			shellScript = "\"${PODS_ROOT}/Target Support Files/Pods-SampleApp/Pods-SampleApp-frameworks.sh\"\n";
			showEnvVarsInLog = 0;
		};
/* End PBXShellScriptBuildPhase section */

/* Begin PBXSourcesBuildPhase section */
		D3B3CE2223BEFA0300D7D6C6 /* Sources */ = {
			isa = PBXSourcesBuildPhase;
			buildActionMask = 2147483647;
			files = (
				D3346D0523BF160700865C2F /* LoginViewController.swift in Sources */,
				D37A7EF623C4AA8F00CC7B0E /* PayToMerchantViewController.swift in Sources */,
				D3E258B923BF04B60059658B /* Extension.swift in Sources */,
				D3346D0723BF162A00865C2F /* DashboardViewController.swift in Sources */,
				D302931D23C5A6950016489F /* BillPaymentViewController.swift in Sources */,
				D37A7EF123C486F200CC7B0E /* ComingSoonViewController.swift in Sources */,
				D3B3CE2A23BEFA0300D7D6C6 /* AppDelegate.swift in Sources */,
				D3DD49C423BF5DD0007A20D1 /* SlideMenuViewController.swift in Sources */,
				D37A7EEE23C486C600CC7B0E /* TabViewController.swift in Sources */,
				D3346D0923BF18F800865C2F /* UINavigationController+Extension.swift in Sources */,
				D3B3CE2C23BEFA0300D7D6C6 /* SceneDelegate.swift in Sources */,
				D375BFD223C39FD9002EF07B /* TableViewCell.swift in Sources */,
				D3E375C123C343410060CBAF /* Const.swift in Sources */,
			);
			runOnlyForDeploymentPostprocessing = 0;
		};
		D3B3CE3823BEFA0900D7D6C6 /* Sources */ = {
			isa = PBXSourcesBuildPhase;
			buildActionMask = 2147483647;
			files = (
				D3B3CE4123BEFA0900D7D6C6 /* SampleAppTests.swift in Sources */,
			);
			runOnlyForDeploymentPostprocessing = 0;
		};
		D3B3CE4323BEFA0A00D7D6C6 /* Sources */ = {
			isa = PBXSourcesBuildPhase;
			buildActionMask = 2147483647;
			files = (
				D3B3CE4C23BEFA0A00D7D6C6 /* SampleAppUITests.swift in Sources */,
			);
			runOnlyForDeploymentPostprocessing = 0;
		};
/* End PBXSourcesBuildPhase section */

/* Begin PBXTargetDependency section */
		D3B3CE3E23BEFA0900D7D6C6 /* PBXTargetDependency */ = {
			isa = PBXTargetDependency;
			target = D3B3CE2523BEFA0300D7D6C6 /* SampleApp */;
			targetProxy = D3B3CE3D23BEFA0900D7D6C6 /* PBXContainerItemProxy */;
		};
		D3B3CE4923BEFA0A00D7D6C6 /* PBXTargetDependency */ = {
			isa = PBXTargetDependency;
			target = D3B3CE2523BEFA0300D7D6C6 /* SampleApp */;
			targetProxy = D3B3CE4823BEFA0A00D7D6C6 /* PBXContainerItemProxy */;
		};
/* End PBXTargetDependency section */

/* Begin PBXVariantGroup section */
		D3B3CE2F23BEFA0300D7D6C6 /* Main.storyboard */ = {
			isa = PBXVariantGroup;
			children = (
				D3B3CE3023BEFA0300D7D6C6 /* Base */,
			);
			name = Main.storyboard;
			sourceTree = "<group>";
		};
		D3B3CE3423BEFA0900D7D6C6 /* LaunchScreen.storyboard */ = {
			isa = PBXVariantGroup;
			children = (
				D3B3CE3523BEFA0900D7D6C6 /* Base */,
			);
			name = LaunchScreen.storyboard;
			sourceTree = "<group>";
		};
/* End PBXVariantGroup section */

/* Begin XCBuildConfiguration section */
		D3B3CE4E23BEFA0A00D7D6C6 /* Debug */ = {
			isa = XCBuildConfiguration;
			buildSettings = {
				ALWAYS_SEARCH_USER_PATHS = NO;
				CLANG_ANALYZER_NONNULL = YES;
				CLANG_ANALYZER_NUMBER_OBJECT_CONVERSION = YES_AGGRESSIVE;
				CLANG_CXX_LANGUAGE_STANDARD = "gnu++14";
				CLANG_CXX_LIBRARY = "libc++";
				CLANG_ENABLE_MODULES = YES;
				CLANG_ENABLE_OBJC_ARC = YES;
				CLANG_ENABLE_OBJC_WEAK = YES;
				CLANG_WARN_BLOCK_CAPTURE_AUTORELEASING = YES;
				CLANG_WARN_BOOL_CONVERSION = YES;
				CLANG_WARN_COMMA = YES;
				CLANG_WARN_CONSTANT_CONVERSION = YES;
				CLANG_WARN_DEPRECATED_OBJC_IMPLEMENTATIONS = YES;
				CLANG_WARN_DIRECT_OBJC_ISA_USAGE = YES_ERROR;
				CLANG_WARN_DOCUMENTATION_COMMENTS = YES;
				CLANG_WARN_EMPTY_BODY = YES;
				CLANG_WARN_ENUM_CONVERSION = YES;
				CLANG_WARN_INFINITE_RECURSION = YES;
				CLANG_WARN_INT_CONVERSION = YES;
				CLANG_WARN_NON_LITERAL_NULL_CONVERSION = YES;
				CLANG_WARN_OBJC_IMPLICIT_RETAIN_SELF = YES;
				CLANG_WARN_OBJC_LITERAL_CONVERSION = YES;
				CLANG_WARN_OBJC_ROOT_CLASS = YES_ERROR;
				CLANG_WARN_RANGE_LOOP_ANALYSIS = YES;
				CLANG_WARN_STRICT_PROTOTYPES = YES;
				CLANG_WARN_SUSPICIOUS_MOVE = YES;
				CLANG_WARN_UNGUARDED_AVAILABILITY = YES_AGGRESSIVE;
				CLANG_WARN_UNREACHABLE_CODE = YES;
				CLANG_WARN__DUPLICATE_METHOD_MATCH = YES;
				COPY_PHASE_STRIP = NO;
				DEBUG_INFORMATION_FORMAT = dwarf;
				ENABLE_STRICT_OBJC_MSGSEND = YES;
				ENABLE_TESTABILITY = YES;
				GCC_C_LANGUAGE_STANDARD = gnu11;
				GCC_DYNAMIC_NO_PIC = NO;
				GCC_NO_COMMON_BLOCKS = YES;
				GCC_OPTIMIZATION_LEVEL = 0;
				GCC_PREPROCESSOR_DEFINITIONS = (
					"DEBUG=1",
					"$(inherited)",
				);
				GCC_WARN_64_TO_32_BIT_CONVERSION = YES;
				GCC_WARN_ABOUT_RETURN_TYPE = YES_ERROR;
				GCC_WARN_UNDECLARED_SELECTOR = YES;
				GCC_WARN_UNINITIALIZED_AUTOS = YES_AGGRESSIVE;
				GCC_WARN_UNUSED_FUNCTION = YES;
				GCC_WARN_UNUSED_VARIABLE = YES;
				IPHONEOS_DEPLOYMENT_TARGET = 13.2;
				MTL_ENABLE_DEBUG_INFO = INCLUDE_SOURCE;
				MTL_FAST_MATH = YES;
				ONLY_ACTIVE_ARCH = YES;
				SDKROOT = iphoneos;
				SWIFT_ACTIVE_COMPILATION_CONDITIONS = DEBUG;
				SWIFT_OPTIMIZATION_LEVEL = "-Onone";
			};
			name = Debug;
		};
		D3B3CE4F23BEFA0A00D7D6C6 /* Release */ = {
			isa = XCBuildConfiguration;
			buildSettings = {
				ALWAYS_SEARCH_USER_PATHS = NO;
				CLANG_ANALYZER_NONNULL = YES;
				CLANG_ANALYZER_NUMBER_OBJECT_CONVERSION = YES_AGGRESSIVE;
				CLANG_CXX_LANGUAGE_STANDARD = "gnu++14";
				CLANG_CXX_LIBRARY = "libc++";
				CLANG_ENABLE_MODULES = YES;
				CLANG_ENABLE_OBJC_ARC = YES;
				CLANG_ENABLE_OBJC_WEAK = YES;
				CLANG_WARN_BLOCK_CAPTURE_AUTORELEASING = YES;
				CLANG_WARN_BOOL_CONVERSION = YES;
				CLANG_WARN_COMMA = YES;
				CLANG_WARN_CONSTANT_CONVERSION = YES;
				CLANG_WARN_DEPRECATED_OBJC_IMPLEMENTATIONS = YES;
				CLANG_WARN_DIRECT_OBJC_ISA_USAGE = YES_ERROR;
				CLANG_WARN_DOCUMENTATION_COMMENTS = YES;
				CLANG_WARN_EMPTY_BODY = YES;
				CLANG_WARN_ENUM_CONVERSION = YES;
				CLANG_WARN_INFINITE_RECURSION = YES;
				CLANG_WARN_INT_CONVERSION = YES;
				CLANG_WARN_NON_LITERAL_NULL_CONVERSION = YES;
				CLANG_WARN_OBJC_IMPLICIT_RETAIN_SELF = YES;
				CLANG_WARN_OBJC_LITERAL_CONVERSION = YES;
				CLANG_WARN_OBJC_ROOT_CLASS = YES_ERROR;
				CLANG_WARN_RANGE_LOOP_ANALYSIS = YES;
				CLANG_WARN_STRICT_PROTOTYPES = YES;
				CLANG_WARN_SUSPICIOUS_MOVE = YES;
				CLANG_WARN_UNGUARDED_AVAILABILITY = YES_AGGRESSIVE;
				CLANG_WARN_UNREACHABLE_CODE = YES;
				CLANG_WARN__DUPLICATE_METHOD_MATCH = YES;
				COPY_PHASE_STRIP = NO;
				DEBUG_INFORMATION_FORMAT = "dwarf-with-dsym";
				ENABLE_NS_ASSERTIONS = NO;
				ENABLE_STRICT_OBJC_MSGSEND = YES;
				GCC_C_LANGUAGE_STANDARD = gnu11;
				GCC_NO_COMMON_BLOCKS = YES;
				GCC_WARN_64_TO_32_BIT_CONVERSION = YES;
				GCC_WARN_ABOUT_RETURN_TYPE = YES_ERROR;
				GCC_WARN_UNDECLARED_SELECTOR = YES;
				GCC_WARN_UNINITIALIZED_AUTOS = YES_AGGRESSIVE;
				GCC_WARN_UNUSED_FUNCTION = YES;
				GCC_WARN_UNUSED_VARIABLE = YES;
				IPHONEOS_DEPLOYMENT_TARGET = 13.2;
				MTL_ENABLE_DEBUG_INFO = NO;
				MTL_FAST_MATH = YES;
				SDKROOT = iphoneos;
				SWIFT_COMPILATION_MODE = wholemodule;
				SWIFT_OPTIMIZATION_LEVEL = "-O";
				VALIDATE_PRODUCT = YES;
			};
			name = Release;
		};
		D3B3CE5123BEFA0A00D7D6C6 /* Debug */ = {
			isa = XCBuildConfiguration;
			baseConfigurationReference = 30EC607C401D72F376155E85 /* Pods-SampleApp.debug.xcconfig */;
			buildSettings = {
				ASSETCATALOG_COMPILER_APPICON_NAME = AppIcon;
				CODE_SIGN_STYLE = Automatic;
				INFOPLIST_FILE = SampleApp/Info.plist;
				LD_RUNPATH_SEARCH_PATHS = (
					"$(inherited)",
					"@executable_path/Frameworks",
				);
				PRODUCT_BUNDLE_IDENTIFIER = com.SampleApp;
				PRODUCT_NAME = "$(TARGET_NAME)";
				SWIFT_VERSION = 5.0;
				TARGETED_DEVICE_FAMILY = 1;
			};
			name = Debug;
		};
		D3B3CE5223BEFA0A00D7D6C6 /* Release */ = {
			isa = XCBuildConfiguration;
			baseConfigurationReference = 72C0E8CE332BEE4E671A1231 /* Pods-SampleApp.release.xcconfig */;
			buildSettings = {
				ASSETCATALOG_COMPILER_APPICON_NAME = AppIcon;
				CODE_SIGN_STYLE = Automatic;
				INFOPLIST_FILE = SampleApp/Info.plist;
				LD_RUNPATH_SEARCH_PATHS = (
					"$(inherited)",
					"@executable_path/Frameworks",
				);
				PRODUCT_BUNDLE_IDENTIFIER = com.SampleApp;
				PRODUCT_NAME = "$(TARGET_NAME)";
				SWIFT_VERSION = 5.0;
				TARGETED_DEVICE_FAMILY = 1;
			};
			name = Release;
		};
		D3B3CE5423BEFA0A00D7D6C6 /* Debug */ = {
			isa = XCBuildConfiguration;
			baseConfigurationReference = 44C6E724262B45B26F02D8E0 /* Pods-SampleAppTests.debug.xcconfig */;
			buildSettings = {
				ALWAYS_EMBED_SWIFT_STANDARD_LIBRARIES = YES;
				BUNDLE_LOADER = "$(TEST_HOST)";
				CODE_SIGN_STYLE = Automatic;
				INFOPLIST_FILE = SampleAppTests/Info.plist;
				IPHONEOS_DEPLOYMENT_TARGET = 13.2;
				LD_RUNPATH_SEARCH_PATHS = (
					"$(inherited)",
					"@executable_path/Frameworks",
					"@loader_path/Frameworks",
				);
				PRODUCT_BUNDLE_IDENTIFIER = com.SampleAppTests;
				PRODUCT_NAME = "$(TARGET_NAME)";
				SWIFT_VERSION = 5.0;
				TARGETED_DEVICE_FAMILY = "1,2";
				TEST_HOST = "$(BUILT_PRODUCTS_DIR)/SampleApp.app/SampleApp";
			};
			name = Debug;
		};
		D3B3CE5523BEFA0A00D7D6C6 /* Release */ = {
			isa = XCBuildConfiguration;
			baseConfigurationReference = EDE1D2E783DA8975A32276D3 /* Pods-SampleAppTests.release.xcconfig */;
			buildSettings = {
				ALWAYS_EMBED_SWIFT_STANDARD_LIBRARIES = YES;
				BUNDLE_LOADER = "$(TEST_HOST)";
				CODE_SIGN_STYLE = Automatic;
				INFOPLIST_FILE = SampleAppTests/Info.plist;
				IPHONEOS_DEPLOYMENT_TARGET = 13.2;
				LD_RUNPATH_SEARCH_PATHS = (
					"$(inherited)",
					"@executable_path/Frameworks",
					"@loader_path/Frameworks",
				);
				PRODUCT_BUNDLE_IDENTIFIER = com.SampleAppTests;
				PRODUCT_NAME = "$(TARGET_NAME)";
				SWIFT_VERSION = 5.0;
				TARGETED_DEVICE_FAMILY = "1,2";
				TEST_HOST = "$(BUILT_PRODUCTS_DIR)/SampleApp.app/SampleApp";
			};
			name = Release;
		};
		D3B3CE5723BEFA0A00D7D6C6 /* Debug */ = {
			isa = XCBuildConfiguration;
			baseConfigurationReference = 1535CBD739D24DE2A95D905E /* Pods-SampleApp-SampleAppUITests.debug.xcconfig */;
			buildSettings = {
				ALWAYS_EMBED_SWIFT_STANDARD_LIBRARIES = YES;
				CODE_SIGN_STYLE = Automatic;
				INFOPLIST_FILE = SampleAppUITests/Info.plist;
				LD_RUNPATH_SEARCH_PATHS = (
					"$(inherited)",
					"@executable_path/Frameworks",
					"@loader_path/Frameworks",
				);
				PRODUCT_BUNDLE_IDENTIFIER = com.SampleAppUITests;
				PRODUCT_NAME = "$(TARGET_NAME)";
				SWIFT_VERSION = 5.0;
				TARGETED_DEVICE_FAMILY = "1,2";
				TEST_TARGET_NAME = SampleApp;
			};
			name = Debug;
		};
		D3B3CE5823BEFA0A00D7D6C6 /* Release */ = {
			isa = XCBuildConfiguration;
			baseConfigurationReference = 7132D50175023D6E55AA9B1E /* Pods-SampleApp-SampleAppUITests.release.xcconfig */;
			buildSettings = {
				ALWAYS_EMBED_SWIFT_STANDARD_LIBRARIES = YES;
				CODE_SIGN_STYLE = Automatic;
				INFOPLIST_FILE = SampleAppUITests/Info.plist;
				LD_RUNPATH_SEARCH_PATHS = (
					"$(inherited)",
					"@executable_path/Frameworks",
					"@loader_path/Frameworks",
				);
				PRODUCT_BUNDLE_IDENTIFIER = com.SampleAppUITests;
				PRODUCT_NAME = "$(TARGET_NAME)";
				SWIFT_VERSION = 5.0;
				TARGETED_DEVICE_FAMILY = "1,2";
				TEST_TARGET_NAME = SampleApp;
			};
			name = Release;
		};
/* End XCBuildConfiguration section */

/* Begin XCConfigurationList section */
		D3B3CE2123BEFA0300D7D6C6 /* Build configuration list for PBXProject "SampleApp" */ = {
			isa = XCConfigurationList;
			buildConfigurations = (
				D3B3CE4E23BEFA0A00D7D6C6 /* Debug */,
				D3B3CE4F23BEFA0A00D7D6C6 /* Release */,
			);
			defaultConfigurationIsVisible = 0;
			defaultConfigurationName = Release;
		};
		D3B3CE5023BEFA0A00D7D6C6 /* Build configuration list for PBXNativeTarget "SampleApp" */ = {
			isa = XCConfigurationList;
			buildConfigurations = (
				D3B3CE5123BEFA0A00D7D6C6 /* Debug */,
				D3B3CE5223BEFA0A00D7D6C6 /* Release */,
			);
			defaultConfigurationIsVisible = 0;
			defaultConfigurationName = Release;
		};
		D3B3CE5323BEFA0A00D7D6C6 /* Build configuration list for PBXNativeTarget "SampleAppTests" */ = {
			isa = XCConfigurationList;
			buildConfigurations = (
				D3B3CE5423BEFA0A00D7D6C6 /* Debug */,
				D3B3CE5523BEFA0A00D7D6C6 /* Release */,
			);
			defaultConfigurationIsVisible = 0;
			defaultConfigurationName = Release;
		};
		D3B3CE5623BEFA0A00D7D6C6 /* Build configuration list for PBXNativeTarget "SampleAppUITests" */ = {
			isa = XCConfigurationList;
			buildConfigurations = (
				D3B3CE5723BEFA0A00D7D6C6 /* Debug */,
				D3B3CE5823BEFA0A00D7D6C6 /* Release */,
			);
			defaultConfigurationIsVisible = 0;
			defaultConfigurationName = Release;
		};
/* End XCConfigurationList section */
	};
	rootObject = D3B3CE1E23BEFA0300D7D6C6 /* Project object */;
}
